
Microsoft Visual Studio Solution File, Format Version 12.00
# Visual Studio Version 17
VisualStudioVersion = 17.1.32210.238
MinimumVisualStudioVersion = 10.0.40219.1
Project("{FAE04EC0-301F-11D3-BF4B-00C04F79EFBC}") = "February2022", "February2022.csproj", "{5976F98B-ADD8-49D4-A139-D9735BCB5D31}"
EndProject
Global
	GlobalSection(SolutionConfigurationPlatforms) = preSolution
		Debug|Any CPU = Debug|Any CPU
		Release|Any CPU = Release|Any CPU
	EndGlobalSection
	GlobalSection(ProjectConfigurationPlatforms) = postSolution
		{5976F98B-ADD8-49D4-A139-D9735BCB5D31}.Debug|Any CPU.ActiveCfg = Debug|Any CPU
		{5976F98B-ADD8-49D4-A139-D9735BCB5D31}.Debug|Any CPU.Build.0 = Debug|Any CPU
		{5976F98B-ADD8-49D4-A139-D9735BCB5D31}.Release|Any CPU.ActiveCfg = Release|Any CPU
		{5976F98B-ADD8-49D4-A139-D9735BCB5D31}.Release|Any CPU.Build.0 = Release|Any CPU
	EndGlobalSection
	GlobalSection(SolutionProperties) = preSolution
		HideSolutionNode = FALSE
	EndGlobalSection
	GlobalSection(ExtensibilityGlobals) = postSolution
		SolutionGuid = {2C5D4DDA-0641-460F-B1E0-AA28A5A63DB2}
	EndGlobalSection
EndGlobal
